
Microsoft Visual Studio Solution File, Format Version 12.00
# Visual Studio Version 16
VisualStudioVersion = 16.0.30717.126
MinimumVisualStudioVersion = 10.0.40219.1
Project("{FAE04EC0-301F-11D3-BF4B-00C04F79EFBC}") = "RegionCastMod", "RegionCastMod.csproj", "{D4C6AFEE-2B27-492A-84ED-4879FD5E9702}"
EndProject
Global
	GlobalSection(SolutionConfigurationPlatforms) = preSolution
		Debug|Any CPU = Debug|Any CPU
		Release|Any CPU = Release|Any CPU
	EndGlobalSection
	GlobalSection(ProjectConfigurationPlatforms) = postSolution
		{D4C6AFEE-2B27-492A-84ED-4879FD5E9702}.Debug|Any CPU.ActiveCfg = Debug|Any CPU
		{D4C6AFEE-2B27-492A-84ED-4879FD5E9702}.Debug|Any CPU.Build.0 = Debug|Any CPU
		{D4C6AFEE-2B27-492A-84ED-4879FD5E9702}.Release|Any CPU.ActiveCfg = Release|Any CPU
		{D4C6AFEE-2B27-492A-84ED-4879FD5E9702}.Release|Any CPU.Build.0 = Release|Any CPU
	EndGlobalSection
	GlobalSection(SolutionProperties) = preSolution
		HideSolutionNode = FALSE
	EndGlobalSection
	GlobalSection(ExtensibilityGlobals) = postSolution
		SolutionGuid = {3C267F15-02F7-441A-B8FC-5C2A5FDC240B}
	EndGlobalSection
EndGlobal
