
Microsoft Visual Studio Solution File, Format Version 12.00
# Visual Studio Version 16
VisualStudioVersion = 16.0.31112.23
MinimumVisualStudioVersion = 10.0.40219.1
Project("{FAE04EC0-301F-11D3-BF4B-00C04F79EFBC}") = "RegionCastApp", "RegionCast\RegionCastApp.csproj", "{15D77777-0D53-488B-8B10-4CE7DC3676D2}"
EndProject
Project("{FAE04EC0-301F-11D3-BF4B-00C04F79EFBC}") = "RegionCastPlugin", "RegionCastPlugin\RegionCastPlugin.csproj", "{BC878EE9-6E82-4A44-9C5F-E4512FBC80A9}"
EndProject
Global
	GlobalSection(SolutionConfigurationPlatforms) = preSolution
		Debug|Any CPU = Debug|Any CPU
		Release|Any CPU = Release|Any CPU
	EndGlobalSection
	GlobalSection(ProjectConfigurationPlatforms) = postSolution
		{15D77777-0D53-488B-8B10-4CE7DC3676D2}.Debug|Any CPU.ActiveCfg = Debug|Any CPU
		{15D77777-0D53-488B-8B10-4CE7DC3676D2}.Debug|Any CPU.Build.0 = Debug|Any CPU
		{15D77777-0D53-488B-8B10-4CE7DC3676D2}.Release|Any CPU.ActiveCfg = Release|Any CPU
		{15D77777-0D53-488B-8B10-4CE7DC3676D2}.Release|Any CPU.Build.0 = Release|Any CPU
		{BC878EE9-6E82-4A44-9C5F-E4512FBC80A9}.Debug|Any CPU.ActiveCfg = Debug|Any CPU
		{BC878EE9-6E82-4A44-9C5F-E4512FBC80A9}.Debug|Any CPU.Build.0 = Debug|Any CPU
		{BC878EE9-6E82-4A44-9C5F-E4512FBC80A9}.Release|Any CPU.ActiveCfg = Release|Any CPU
		{BC878EE9-6E82-4A44-9C5F-E4512FBC80A9}.Release|Any CPU.Build.0 = Release|Any CPU
	EndGlobalSection
	GlobalSection(SolutionProperties) = preSolution
		HideSolutionNode = FALSE
	EndGlobalSection
	GlobalSection(ExtensibilityGlobals) = postSolution
		SolutionGuid = {4F1B82A0-6DB2-4C45-965C-71C7B6B992DB}
	EndGlobalSection
EndGlobal
