
Microsoft Visual Studio Solution File, Format Version 12.00
# Visual Studio Version 16
VisualStudioVersion = 16.0.30717.126
MinimumVisualStudioVersion = 10.0.40219.1
Project("{FAE04EC0-301F-11D3-BF4B-00C04F79EFBC}") = "RCMod", "RegionCastMod\RCMod.csproj", "{2BD096C1-48E1-40AD-A8CE-BC1A5AE572B3}"
EndProject
Global
	GlobalSection(SolutionConfigurationPlatforms) = preSolution
		Debug|Any CPU = Debug|Any CPU
		Release|Any CPU = Release|Any CPU
	EndGlobalSection
	GlobalSection(ProjectConfigurationPlatforms) = postSolution
		{2BD096C1-48E1-40AD-A8CE-BC1A5AE572B3}.Debug|Any CPU.ActiveCfg = Debug|Any CPU
		{2BD096C1-48E1-40AD-A8CE-BC1A5AE572B3}.Debug|Any CPU.Build.0 = Debug|Any CPU
		{2BD096C1-48E1-40AD-A8CE-BC1A5AE572B3}.Release|Any CPU.ActiveCfg = Release|Any CPU
		{2BD096C1-48E1-40AD-A8CE-BC1A5AE572B3}.Release|Any CPU.Build.0 = Release|Any CPU
	EndGlobalSection
	GlobalSection(SolutionProperties) = preSolution
		HideSolutionNode = FALSE
	EndGlobalSection
	GlobalSection(ExtensibilityGlobals) = postSolution
		SolutionGuid = {D48E282C-D6EF-42EE-AC38-7861CEF5C64C}
	EndGlobalSection
EndGlobal
